
Microsoft Visual Studio Solution File, Format Version 12.00
# Visual Studio 15
VisualStudioVersion = 15.0.27703.2042
MinimumVisualStudioVersion = 10.0.40219.1
Project("{FAE04EC0-301F-11D3-BF4B-00C04F79EFBC}") = "ElementsLesson", "ElementsLesson\ElementsLesson.csproj", "{7733F1CC-29DA-466B-A5CE-DC3438085A1F}"
EndProject
Project("{FAE04EC0-301F-11D3-BF4B-00C04F79EFBC}") = "Models", "Models\Models.csproj", "{97AEF745-FFF2-4D1C-806F-3DE4060ECE0D}"
EndProject
Project("{FAE04EC0-301F-11D3-BF4B-00C04F79EFBC}") = "DataAccess", "DataAccess\DataAccess.csproj", "{1AE54910-D768-4D9B-A46B-BCFE151A6891}"
EndProject
Project("{FAE04EC0-301F-11D3-BF4B-00C04F79EFBC}") = "Services", "Services\Services.csproj", "{0DCBD581-B346-4C82-8FC0-653DB0CB1FC4}"
EndProject
Global
	GlobalSection(SolutionConfigurationPlatforms) = preSolution
		Debug|Any CPU = Debug|Any CPU
		Release|Any CPU = Release|Any CPU
	EndGlobalSection
	GlobalSection(ProjectConfigurationPlatforms) = postSolution
		{7733F1CC-29DA-466B-A5CE-DC3438085A1F}.Debug|Any CPU.ActiveCfg = Debug|Any CPU
		{7733F1CC-29DA-466B-A5CE-DC3438085A1F}.Debug|Any CPU.Build.0 = Debug|Any CPU
		{7733F1CC-29DA-466B-A5CE-DC3438085A1F}.Release|Any CPU.ActiveCfg = Release|Any CPU
		{7733F1CC-29DA-466B-A5CE-DC3438085A1F}.Release|Any CPU.Build.0 = Release|Any CPU
		{97AEF745-FFF2-4D1C-806F-3DE4060ECE0D}.Debug|Any CPU.ActiveCfg = Debug|Any CPU
		{97AEF745-FFF2-4D1C-806F-3DE4060ECE0D}.Debug|Any CPU.Build.0 = Debug|Any CPU
		{97AEF745-FFF2-4D1C-806F-3DE4060ECE0D}.Release|Any CPU.ActiveCfg = Release|Any CPU
		{97AEF745-FFF2-4D1C-806F-3DE4060ECE0D}.Release|Any CPU.Build.0 = Release|Any CPU
		{1AE54910-D768-4D9B-A46B-BCFE151A6891}.Debug|Any CPU.ActiveCfg = Debug|Any CPU
		{1AE54910-D768-4D9B-A46B-BCFE151A6891}.Debug|Any CPU.Build.0 = Debug|Any CPU
		{1AE54910-D768-4D9B-A46B-BCFE151A6891}.Release|Any CPU.ActiveCfg = Release|Any CPU
		{1AE54910-D768-4D9B-A46B-BCFE151A6891}.Release|Any CPU.Build.0 = Release|Any CPU
		{0DCBD581-B346-4C82-8FC0-653DB0CB1FC4}.Debug|Any CPU.ActiveCfg = Debug|Any CPU
		{0DCBD581-B346-4C82-8FC0-653DB0CB1FC4}.Debug|Any CPU.Build.0 = Debug|Any CPU
		{0DCBD581-B346-4C82-8FC0-653DB0CB1FC4}.Release|Any CPU.ActiveCfg = Release|Any CPU
		{0DCBD581-B346-4C82-8FC0-653DB0CB1FC4}.Release|Any CPU.Build.0 = Release|Any CPU
	EndGlobalSection
	GlobalSection(SolutionProperties) = preSolution
		HideSolutionNode = FALSE
	EndGlobalSection
	GlobalSection(ExtensibilityGlobals) = postSolution
		SolutionGuid = {DA3BF200-978D-4211-AADA-819A4B52412B}
	EndGlobalSection
EndGlobal
